# cforge.lock - Dependency lock file for reproducible builds
# Generated by cforge - DO NOT EDIT MANUALLY
# Mode: FetchContent

[dependency.glad]
source_type = "index"
version = "2.0.8"
url = "https://github.com/Dav1dde/glad.git"
resolved = "v2.0.8"

[dependency.glfw]
source_type = "index"
version = "3.5.1"
url = "https://github.com/glfw/glfw.git"
resolved = "3.5.1"

[buildcache]
# Auto-generated. Tracks change detection for incremental builds.
generated = "2026-09-01T02:50:37Z"
config_hash = "980775b67eb4cdf9"

