<?xml version="1.0" encoding="utf-8"?>
<Project ToolsVersion="17.0" xmlns="http://schemas.microsoft.com/developer/msbuild/2003">
  <ItemGroup>
    <CustomBuild Include="C:\Users\jackw\OneDrive\Desktop\git-projects\aphelion-engine\ap2\build-release\CMakeFiles\9629be4f4593c30138fd335052cd50e9\ap2-(CONFIG).stamp.rule">
      <Filter>CMake Rules</Filter>
    </CustomBuild>
    <CustomBuild Include="C:\Users\jackw\OneDrive\Desktop\git-projects\aphelion-engine\ap2\build-release\CMakeFiles\32d29c7b66840e715f9cfadb09ec27e6\ap2.rule">
      <Filter>CMake Rules</Filter>
    </CustomBuild>
    <CustomBuild Include="C:\Users\jackw\OneDrive\Desktop\git-projects\aphelion-engine\ap2\CMakeLists.txt" />
  </ItemGroup>
  <ItemGroup>
    <None Include="C:\Users\jackw\OneDrive\Desktop\git-projects\aphelion-engine\ap2\build-release\CMakeFiles\ap2" />
  </ItemGroup>
  <ItemGroup>
    <Filter Include="CMake Rules">
      <UniqueIdentifier>{83EAFF54-0C29-31C6-83AD-4523E895A733}</UniqueIdentifier>
    </Filter>
  </ItemGroup>
</Project>
